
Microsoft Visual Studio Solution File, Format Version 12.00
# Visual Studio Version 16
VisualStudioVersion = 16.0.31112.23
MinimumVisualStudioVersion = 10.0.40219.1
Project("{FAE04EC0-301F-11D3-BF4B-00C04F79EFBC}") = "GestioneSpese", "GestioneSpese\GestioneSpese.csproj", "{04F38A16-A8B8-494A-8E17-BE9053480ABC}"
EndProject
Project("{FAE04EC0-301F-11D3-BF4B-00C04F79EFBC}") = "GestioneSpese.Entities", "GestioneSpese.Entities\GestioneSpese.Entities.csproj", "{8B1B7995-2901-41E5-8FB6-2C79D1C19163}"
EndProject
Project("{FAE04EC0-301F-11D3-BF4B-00C04F79EFBC}") = "GestioneSpese.EF", "GestioneSpese.EF\GestioneSpese.EF.csproj", "{3668A244-D284-4720-9D26-34F856A97389}"
EndProject
Global
	GlobalSection(SolutionConfigurationPlatforms) = preSolution
		Debug|Any CPU = Debug|Any CPU
		Release|Any CPU = Release|Any CPU
	EndGlobalSection
	GlobalSection(ProjectConfigurationPlatforms) = postSolution
		{04F38A16-A8B8-494A-8E17-BE9053480ABC}.Debug|Any CPU.ActiveCfg = Debug|Any CPU
		{04F38A16-A8B8-494A-8E17-BE9053480ABC}.Debug|Any CPU.Build.0 = Debug|Any CPU
		{04F38A16-A8B8-494A-8E17-BE9053480ABC}.Release|Any CPU.ActiveCfg = Release|Any CPU
		{04F38A16-A8B8-494A-8E17-BE9053480ABC}.Release|Any CPU.Build.0 = Release|Any CPU
		{8B1B7995-2901-41E5-8FB6-2C79D1C19163}.Debug|Any CPU.ActiveCfg = Debug|Any CPU
		{8B1B7995-2901-41E5-8FB6-2C79D1C19163}.Debug|Any CPU.Build.0 = Debug|Any CPU
		{8B1B7995-2901-41E5-8FB6-2C79D1C19163}.Release|Any CPU.ActiveCfg = Release|Any CPU
		{8B1B7995-2901-41E5-8FB6-2C79D1C19163}.Release|Any CPU.Build.0 = Release|Any CPU
		{3668A244-D284-4720-9D26-34F856A97389}.Debug|Any CPU.ActiveCfg = Debug|Any CPU
		{3668A244-D284-4720-9D26-34F856A97389}.Debug|Any CPU.Build.0 = Debug|Any CPU
		{3668A244-D284-4720-9D26-34F856A97389}.Release|Any CPU.ActiveCfg = Release|Any CPU
		{3668A244-D284-4720-9D26-34F856A97389}.Release|Any CPU.Build.0 = Release|Any CPU
	EndGlobalSection
	GlobalSection(SolutionProperties) = preSolution
		HideSolutionNode = FALSE
	EndGlobalSection
	GlobalSection(ExtensibilityGlobals) = postSolution
		SolutionGuid = {57076461-BAEF-49B4-A95C-87EE63244361}
	EndGlobalSection
EndGlobal
